
Microsoft Visual Studio Solution File, Format Version 12.00
# Visual Studio Version 17
VisualStudioVersion = 17.6.33815.320
MinimumVisualStudioVersion = 10.0.40219.1
Project("{9A19103F-16F7-4668-BE54-9A1E7A4F7556}") = "GameClient", "Client\GameClient.csproj", "{4ACC93D1-3675-49D8-96A3-7D0B6C6B6427}"
EndProject
Project("{9A19103F-16F7-4668-BE54-9A1E7A4F7556}") = "GameServer", "Server\GameServer.csproj", "{30DC9F13-DE2C-4DE7-A38A-C660F9DE24AF}"
EndProject
Project("{D954291E-2A0B-460D-934E-DC6B0785DB48}") = "Shared", "Shared\Shared.shproj", "{62154254-67B2-45CA-9888-5D96A470D929}"
EndProject
Project("{9A19103F-16F7-4668-BE54-9A1E7A4F7556}") = "PluginServer_Autosave", "PluginServer_Autosave\PluginServer_Autosave.csproj", "{A9029FD4-6E2C-49FE-8021-EECBFA1EEF20}"
EndProject
Project("{9A19103F-16F7-4668-BE54-9A1E7A4F7556}") = "PluginServer_Example", "PluginServer_Example\PluginServer_Example.csproj", "{19401E83-795F-4F40-808D-CEE42E07FC9A}"
EndProject
Project("{2150E333-8FDC-42A3-9474-1A3956D46DE8}") = "Plugins", "Plugins", "{7B658077-E981-42DA-9AF5-F1CE798B5D32}"
EndProject
Project("{FAE04EC0-301F-11D3-BF4B-00C04F79EFBC}") = "PluginServer", "PluginServer\PluginServer.csproj", "{E7D444BE-91F6-4A65-8E8D-A4E769945FB3}"
EndProject
Global
	GlobalSection(SolutionConfigurationPlatforms) = preSolution
		Debug|Any CPU = Debug|Any CPU
		Release|Any CPU = Release|Any CPU
	EndGlobalSection
	GlobalSection(ProjectConfigurationPlatforms) = postSolution
		{4ACC93D1-3675-49D8-96A3-7D0B6C6B6427}.Debug|Any CPU.ActiveCfg = Debug|Any CPU
		{4ACC93D1-3675-49D8-96A3-7D0B6C6B6427}.Debug|Any CPU.Build.0 = Debug|Any CPU
		{4ACC93D1-3675-49D8-96A3-7D0B6C6B6427}.Release|Any CPU.ActiveCfg = Release|Any CPU
		{4ACC93D1-3675-49D8-96A3-7D0B6C6B6427}.Release|Any CPU.Build.0 = Release|Any CPU
		{30DC9F13-DE2C-4DE7-A38A-C660F9DE24AF}.Debug|Any CPU.ActiveCfg = Debug|Any CPU
		{30DC9F13-DE2C-4DE7-A38A-C660F9DE24AF}.Debug|Any CPU.Build.0 = Debug|Any CPU
		{30DC9F13-DE2C-4DE7-A38A-C660F9DE24AF}.Release|Any CPU.ActiveCfg = Release|Any CPU
		{30DC9F13-DE2C-4DE7-A38A-C660F9DE24AF}.Release|Any CPU.Build.0 = Release|Any CPU
		{A9029FD4-6E2C-49FE-8021-EECBFA1EEF20}.Debug|Any CPU.ActiveCfg = Debug|Any CPU
		{A9029FD4-6E2C-49FE-8021-EECBFA1EEF20}.Debug|Any CPU.Build.0 = Debug|Any CPU
		{A9029FD4-6E2C-49FE-8021-EECBFA1EEF20}.Release|Any CPU.ActiveCfg = Release|Any CPU
		{A9029FD4-6E2C-49FE-8021-EECBFA1EEF20}.Release|Any CPU.Build.0 = Release|Any CPU
		{19401E83-795F-4F40-808D-CEE42E07FC9A}.Debug|Any CPU.ActiveCfg = Debug|Any CPU
		{19401E83-795F-4F40-808D-CEE42E07FC9A}.Debug|Any CPU.Build.0 = Debug|Any CPU
		{19401E83-795F-4F40-808D-CEE42E07FC9A}.Release|Any CPU.ActiveCfg = Release|Any CPU
		{19401E83-795F-4F40-808D-CEE42E07FC9A}.Release|Any CPU.Build.0 = Release|Any CPU
		{E7D444BE-91F6-4A65-8E8D-A4E769945FB3}.Debug|Any CPU.ActiveCfg = Debug|Any CPU
		{E7D444BE-91F6-4A65-8E8D-A4E769945FB3}.Debug|Any CPU.Build.0 = Debug|Any CPU
		{E7D444BE-91F6-4A65-8E8D-A4E769945FB3}.Release|Any CPU.ActiveCfg = Release|Any CPU
		{E7D444BE-91F6-4A65-8E8D-A4E769945FB3}.Release|Any CPU.Build.0 = Release|Any CPU
	EndGlobalSection
	GlobalSection(SolutionProperties) = preSolution
		HideSolutionNode = FALSE
	EndGlobalSection
	GlobalSection(NestedProjects) = preSolution
		{A9029FD4-6E2C-49FE-8021-EECBFA1EEF20} = {7B658077-E981-42DA-9AF5-F1CE798B5D32}
		{19401E83-795F-4F40-808D-CEE42E07FC9A} = {7B658077-E981-42DA-9AF5-F1CE798B5D32}
		{E7D444BE-91F6-4A65-8E8D-A4E769945FB3} = {7B658077-E981-42DA-9AF5-F1CE798B5D32}
	EndGlobalSection
	GlobalSection(ExtensibilityGlobals) = postSolution
		SolutionGuid = {3EFA1303-2B45-40AC-9FEA-F684B5B3732F}
	EndGlobalSection
	GlobalSection(SharedMSBuildProjectFiles) = preSolution
		Shared\Shared.projitems*{30dc9f13-de2c-4de7-a38a-c660f9de24af}*SharedItemsImports = 5
		Shared\Shared.projitems*{4acc93d1-3675-49d8-96a3-7d0b6c6b6427}*SharedItemsImports = 5
		Shared\Shared.projitems*{62154254-67b2-45ca-9888-5d96a470d929}*SharedItemsImports = 13
	EndGlobalSection
EndGlobal
