
Microsoft Visual Studio Solution File, Format Version 12.00
# Visual Studio Version 17
VisualStudioVersion = 17.6.33815.320
MinimumVisualStudioVersion = 10.0.40219.1
Project("{9A19103F-16F7-4668-BE54-9A1E7A4F7556}") = "GameClient", "Client\GameClient.csproj", "{4ACC93D1-3675-49D8-96A3-7D0B6C6B6427}"
EndProject
Project("{9A19103F-16F7-4668-BE54-9A1E7A4F7556}") = "GameServer", "Server\GameServer.csproj", "{30DC9F13-DE2C-4DE7-A38A-C660F9DE24AF}"
EndProject
Project("{D954291E-2A0B-460D-934E-DC6B0785DB48}") = "Shared", "Shared\Shared.shproj", "{62154254-67B2-45CA-9888-5D96A470D929}"
EndProject
Project("{2150E333-8FDC-42A3-9474-1A3956D46DE8}") = "ModPatches", "ModPatches", "{190450FF-1282-4A12-B1AF-BC5824599182}"
EndProject
Project("{9A19103F-16F7-4668-BE54-9A1E7A4F7556}") = "Save Our Ship 2 Patches", "Mod Patches\Save Our Ship 2 Patches\Save Our Ship 2 Patches.csproj", "{8F0F3628-9BDA-4333-AA7D-A37C90D76BD8}"
EndProject
Global
	GlobalSection(SolutionConfigurationPlatforms) = preSolution
		Debug|Any CPU = Debug|Any CPU
		Release|Any CPU = Release|Any CPU
	EndGlobalSection
	GlobalSection(ProjectConfigurationPlatforms) = postSolution
		{4ACC93D1-3675-49D8-96A3-7D0B6C6B6427}.Debug|Any CPU.ActiveCfg = Debug|Any CPU
		{4ACC93D1-3675-49D8-96A3-7D0B6C6B6427}.Debug|Any CPU.Build.0 = Debug|Any CPU
		{4ACC93D1-3675-49D8-96A3-7D0B6C6B6427}.Release|Any CPU.ActiveCfg = Release|Any CPU
		{4ACC93D1-3675-49D8-96A3-7D0B6C6B6427}.Release|Any CPU.Build.0 = Release|Any CPU
		{30DC9F13-DE2C-4DE7-A38A-C660F9DE24AF}.Debug|Any CPU.ActiveCfg = Debug|Any CPU
		{30DC9F13-DE2C-4DE7-A38A-C660F9DE24AF}.Debug|Any CPU.Build.0 = Debug|Any CPU
		{30DC9F13-DE2C-4DE7-A38A-C660F9DE24AF}.Release|Any CPU.ActiveCfg = Release|Any CPU
		{30DC9F13-DE2C-4DE7-A38A-C660F9DE24AF}.Release|Any CPU.Build.0 = Release|Any CPU
		{8F0F3628-9BDA-4333-AA7D-A37C90D76BD8}.Debug|Any CPU.ActiveCfg = Debug|Any CPU
		{8F0F3628-9BDA-4333-AA7D-A37C90D76BD8}.Debug|Any CPU.Build.0 = Debug|Any CPU
		{8F0F3628-9BDA-4333-AA7D-A37C90D76BD8}.Release|Any CPU.ActiveCfg = Release|Any CPU
		{8F0F3628-9BDA-4333-AA7D-A37C90D76BD8}.Release|Any CPU.Build.0 = Release|Any CPU
	EndGlobalSection
	GlobalSection(SolutionProperties) = preSolution
		HideSolutionNode = FALSE
	EndGlobalSection
	GlobalSection(NestedProjects) = preSolution
		{8F0F3628-9BDA-4333-AA7D-A37C90D76BD8} = {190450FF-1282-4A12-B1AF-BC5824599182}
	EndGlobalSection
	GlobalSection(ExtensibilityGlobals) = postSolution
		SolutionGuid = {3EFA1303-2B45-40AC-9FEA-F684B5B3732F}
	EndGlobalSection
	GlobalSection(SharedMSBuildProjectFiles) = preSolution
		Shared\Shared.projitems*{30dc9f13-de2c-4de7-a38a-c660f9de24af}*SharedItemsImports = 5
		Shared\Shared.projitems*{4acc93d1-3675-49d8-96a3-7d0b6c6b6427}*SharedItemsImports = 5
		Shared\Shared.projitems*{62154254-67b2-45ca-9888-5d96a470d929}*SharedItemsImports = 13
	EndGlobalSection
EndGlobal
