
Microsoft Visual Studio Solution File, Format Version 12.00
# Visual Studio Version 17
VisualStudioVersion = 17.6.33815.320
MinimumVisualStudioVersion = 10.0.40219.1
Project("{9A19103F-16F7-4668-BE54-9A1E7A4F7556}") = "GameClient", "Client\GameClient.csproj", "{4ACC93D1-3675-49D8-96A3-7D0B6C6B6427}"
EndProject
Project("{9A19103F-16F7-4668-BE54-9A1E7A4F7556}") = "GameServer", "Server\GameServer.csproj", "{30DC9F13-DE2C-4DE7-A38A-C660F9DE24AF}"
EndProject
Project("{2150E333-8FDC-42A3-9474-1A3956D46DE8}") = "Solution Items", "Solution Items", "{6DDC7783-14E2-4EE0-9083-FF883F72D11D}"
	ProjectSection(SolutionItems) = preProject
		.editorconfig = .editorconfig
	EndProjectSection
EndProject
Project("{FAE04EC0-301F-11D3-BF4B-00C04F79EFBC}") = "Shared", "Shared\Shared.csproj", "{22F72E50-B86A-48A6-4252-6FDC98C636E8}"
EndProject
Project("{FAE04EC0-301F-11D3-BF4B-00C04F79EFBC}") = "TCPNetwork", "TCPNetwork\TCPNetwork.csproj", "{5CF740F9-DF6B-A663-F96F-19F4F13E6C44}"
EndProject
Global
	GlobalSection(SolutionConfigurationPlatforms) = preSolution
		Debug|Any CPU = Debug|Any CPU
		Release|Any CPU = Release|Any CPU
	EndGlobalSection
	GlobalSection(ProjectConfigurationPlatforms) = postSolution
		{4ACC93D1-3675-49D8-96A3-7D0B6C6B6427}.Debug|Any CPU.ActiveCfg = Debug|Any CPU
		{4ACC93D1-3675-49D8-96A3-7D0B6C6B6427}.Debug|Any CPU.Build.0 = Debug|Any CPU
		{4ACC93D1-3675-49D8-96A3-7D0B6C6B6427}.Release|Any CPU.ActiveCfg = Release|Any CPU
		{4ACC93D1-3675-49D8-96A3-7D0B6C6B6427}.Release|Any CPU.Build.0 = Release|Any CPU
		{30DC9F13-DE2C-4DE7-A38A-C660F9DE24AF}.Debug|Any CPU.ActiveCfg = Debug|Any CPU
		{30DC9F13-DE2C-4DE7-A38A-C660F9DE24AF}.Debug|Any CPU.Build.0 = Debug|Any CPU
		{30DC9F13-DE2C-4DE7-A38A-C660F9DE24AF}.Release|Any CPU.ActiveCfg = Release|Any CPU
		{30DC9F13-DE2C-4DE7-A38A-C660F9DE24AF}.Release|Any CPU.Build.0 = Release|Any CPU
		{22F72E50-B86A-48A6-4252-6FDC98C636E8}.Debug|Any CPU.ActiveCfg = Debug|Any CPU
		{22F72E50-B86A-48A6-4252-6FDC98C636E8}.Debug|Any CPU.Build.0 = Debug|Any CPU
		{22F72E50-B86A-48A6-4252-6FDC98C636E8}.Release|Any CPU.ActiveCfg = Release|Any CPU
		{22F72E50-B86A-48A6-4252-6FDC98C636E8}.Release|Any CPU.Build.0 = Release|Any CPU
		{5CF740F9-DF6B-A663-F96F-19F4F13E6C44}.Debug|Any CPU.ActiveCfg = Debug|Any CPU
		{5CF740F9-DF6B-A663-F96F-19F4F13E6C44}.Debug|Any CPU.Build.0 = Debug|Any CPU
		{5CF740F9-DF6B-A663-F96F-19F4F13E6C44}.Release|Any CPU.ActiveCfg = Release|Any CPU
		{5CF740F9-DF6B-A663-F96F-19F4F13E6C44}.Release|Any CPU.Build.0 = Release|Any CPU
	EndGlobalSection
	GlobalSection(SolutionProperties) = preSolution
		HideSolutionNode = FALSE
	EndGlobalSection
	GlobalSection(ExtensibilityGlobals) = postSolution
		SolutionGuid = {3EFA1303-2B45-40AC-9FEA-F684B5B3732F}
	EndGlobalSection
EndGlobal
