
Microsoft Visual Studio Solution File, Format Version 12.00
# Visual Studio Version 17
VisualStudioVersion = 17.6.33815.320
MinimumVisualStudioVersion = 10.0.40219.1
Project("{FAE04EC0-301F-11D3-BF4B-00C04F79EFBC}") = "GameServer", "GameServer.csproj", "{70767B7B-8F11-4005-907A-0B8FCDF7F626}"
EndProject
Global
	GlobalSection(SolutionConfigurationPlatforms) = preSolution
		Debug|Any CPU = Debug|Any CPU
		Release|Any CPU = Release|Any CPU
	EndGlobalSection
	GlobalSection(ProjectConfigurationPlatforms) = postSolution
		{70767B7B-8F11-4005-907A-0B8FCDF7F626}.Debug|Any CPU.ActiveCfg = Debug|Any CPU
		{70767B7B-8F11-4005-907A-0B8FCDF7F626}.Debug|Any CPU.Build.0 = Debug|Any CPU
		{70767B7B-8F11-4005-907A-0B8FCDF7F626}.Release|Any CPU.ActiveCfg = Release|Any CPU
		{70767B7B-8F11-4005-907A-0B8FCDF7F626}.Release|Any CPU.Build.0 = Release|Any CPU
	EndGlobalSection
	GlobalSection(SolutionProperties) = preSolution
		HideSolutionNode = FALSE
	EndGlobalSection
	GlobalSection(ExtensibilityGlobals) = postSolution
		SolutionGuid = {5319A56A-8563-4219-93E2-85CEF10A3B14}
	EndGlobalSection
EndGlobal
